
Microsoft Visual Studio Solution File, Format Version 12.00
# Visual Studio Version 16
VisualStudioVersion = 16.0.33927.289
MinimumVisualStudioVersion = 10.0.40219.1
Project("{2150E333-8FDC-42A3-9474-1A3956D46DE8}") = "Task0", "Task0", "{A61C8A4A-C084-483F-9ACD-B9F888B46A35}"
EndProject
Project("{FAE04EC0-301F-11D3-BF4B-00C04F79EFBC}") = "Tyuiu.OdarenkoAR.Sprint5.Task0.V2", "Tyuiu.OdarenkoAR.Sprint5.Task0.V2\Tyuiu.OdarenkoAR.Sprint5.Task0.V2.csproj", "{4094A1C1-4F37-4269-A50B-CCFBBA27B858}"
EndProject
Project("{FAE04EC0-301F-11D3-BF4B-00C04F79EFBC}") = "Tyuiu.OdarenkoAR.Sprint5.Task0.V2.Lib", "Tyuiu.OdarenkoAR.Sprint5.Task0.V2.Lib\Tyuiu.OdarenkoAR.Sprint5.Task0.V2.Lib.csproj", "{8F3337B2-5F0F-4AE7-940F-0E6B6CAD61B8}"
EndProject
Project("{FAE04EC0-301F-11D3-BF4B-00C04F79EFBC}") = "Tyuiu.OdarenkoAR.Sprint5.Task0.V2.Test", "UnitTestProject1\Tyuiu.OdarenkoAR.Sprint5.Task0.V2.Test.csproj", "{CD52BFCD-43C3-4884-A628-D7619C47F918}"
EndProject
Project("{2150E333-8FDC-42A3-9474-1A3956D46DE8}") = "Task1", "Task1", "{A4B4F593-8402-46A3-A8D5-92A3221C1402}"
EndProject
Project("{FAE04EC0-301F-11D3-BF4B-00C04F79EFBC}") = "Tyuiu.OdarenkoAR.Sprint5.Task1.V9", "Tyuiu.OdarenkoAR.Sprint5.Task1.V9\Tyuiu.OdarenkoAR.Sprint5.Task1.V9.csproj", "{8CB717CA-55F6-4EAF-807B-F6F3560CFB9E}"
EndProject
Project("{FAE04EC0-301F-11D3-BF4B-00C04F79EFBC}") = "Tyuiu.OdarenkoAR.Sprint5.Task1.V9.Lib", "Tyuiu.OdarenkoAR.Sprint5.Task1.V9.Lib\Tyuiu.OdarenkoAR.Sprint5.Task1.V9.Lib.csproj", "{8CFD9857-72A5-420D-8E9D-3DCFFC6DE373}"
EndProject
Project("{FAE04EC0-301F-11D3-BF4B-00C04F79EFBC}") = "Tyuiu.OdarenkoAR.Sprint5.Task1.V9.Test", "Tyuiu.OdarenkoAR.Sprint5.Task1.V9.Test\Tyuiu.OdarenkoAR.Sprint5.Task1.V9.Test.csproj", "{F7B01DBF-253B-4B95-9656-8192C522C21E}"
EndProject
Project("{2150E333-8FDC-42A3-9474-1A3956D46DE8}") = "Task2", "Task2", "{6FEAD543-8850-4BAB-8378-A2209B2924B5}"
EndProject
Project("{FAE04EC0-301F-11D3-BF4B-00C04F79EFBC}") = "Tyuiu.OdarenkoAR.Sprint5.Task2.V11", "Tyuiu.OdarenkoAR.Sprint5.Task2.V11\Tyuiu.OdarenkoAR.Sprint5.Task2.V11.csproj", "{E7CE0636-119A-4F78-B497-395BB09865F2}"
EndProject
Project("{FAE04EC0-301F-11D3-BF4B-00C04F79EFBC}") = "Tyuiu.OdarenkoAR.Sprint5.Task2.V11.Lib", "Tyuiu.OdarenkoAR.Sprint5.Task2.V11.Lib\Tyuiu.OdarenkoAR.Sprint5.Task2.V11.Lib.csproj", "{E36E6FB3-7D12-4D2B-9ADE-92B5BD4D8CB9}"
EndProject
Project("{FAE04EC0-301F-11D3-BF4B-00C04F79EFBC}") = "Tyuiu.OdarenkoAR.Sprint5.Task2.V11.Test", "Tyuiu.OdarenkoAR.Sprint5.Task2.V11.Test\Tyuiu.OdarenkoAR.Sprint5.Task2.V11.Test.csproj", "{3A82362B-467D-4D8D-9CA4-738698DE8B17}"
EndProject
Project("{2150E333-8FDC-42A3-9474-1A3956D46DE8}") = "Task3", "Task3", "{06FEF28E-B6CE-4B75-9406-5E64492C306B}"
EndProject
Project("{FAE04EC0-301F-11D3-BF4B-00C04F79EFBC}") = "Tyuiu.OdarenkoAR.Sprint5.Task3.V9", "Tyuiu.OdarenkoAR.Sprint5.Task3.V9\Tyuiu.OdarenkoAR.Sprint5.Task3.V9.csproj", "{33AEBBDD-D921-4364-9D21-04FF07AD3209}"
EndProject
Project("{FAE04EC0-301F-11D3-BF4B-00C04F79EFBC}") = "Tyuiu.OdarenkoAR.Sprint5.Task3.V9.Lib", "Tyuiu.OdarenkoAR.Sprint5.Task3.V9.Lib\Tyuiu.OdarenkoAR.Sprint5.Task3.V9.Lib.csproj", "{AB4D5BD7-B44D-4BDD-A6AA-810CC0A78AA6}"
EndProject
Project("{FAE04EC0-301F-11D3-BF4B-00C04F79EFBC}") = "Tyuiu.OdarenkoAR.Sprint5.Task3.V9.Test", "Tyuiu.OdarenkoAR.Sprint5.Task3.V9.Test\Tyuiu.OdarenkoAR.Sprint5.Task3.V9.Test.csproj", "{C5DB1765-4CC5-421E-AABA-FA3093ACC6C1}"
EndProject
Global
	GlobalSection(SolutionConfigurationPlatforms) = preSolution
		Debug|Any CPU = Debug|Any CPU
		Release|Any CPU = Release|Any CPU
	EndGlobalSection
	GlobalSection(ProjectConfigurationPlatforms) = postSolution
		{4094A1C1-4F37-4269-A50B-CCFBBA27B858}.Debug|Any CPU.ActiveCfg = Debug|Any CPU
		{4094A1C1-4F37-4269-A50B-CCFBBA27B858}.Debug|Any CPU.Build.0 = Debug|Any CPU
		{4094A1C1-4F37-4269-A50B-CCFBBA27B858}.Release|Any CPU.ActiveCfg = Release|Any CPU
		{4094A1C1-4F37-4269-A50B-CCFBBA27B858}.Release|Any CPU.Build.0 = Release|Any CPU
		{8F3337B2-5F0F-4AE7-940F-0E6B6CAD61B8}.Debug|Any CPU.ActiveCfg = Debug|Any CPU
		{8F3337B2-5F0F-4AE7-940F-0E6B6CAD61B8}.Debug|Any CPU.Build.0 = Debug|Any CPU
		{8F3337B2-5F0F-4AE7-940F-0E6B6CAD61B8}.Release|Any CPU.ActiveCfg = Release|Any CPU
		{8F3337B2-5F0F-4AE7-940F-0E6B6CAD61B8}.Release|Any CPU.Build.0 = Release|Any CPU
		{CD52BFCD-43C3-4884-A628-D7619C47F918}.Debug|Any CPU.ActiveCfg = Debug|Any CPU
		{CD52BFCD-43C3-4884-A628-D7619C47F918}.Debug|Any CPU.Build.0 = Debug|Any CPU
		{CD52BFCD-43C3-4884-A628-D7619C47F918}.Release|Any CPU.ActiveCfg = Release|Any CPU
		{CD52BFCD-43C3-4884-A628-D7619C47F918}.Release|Any CPU.Build.0 = Release|Any CPU
		{8CB717CA-55F6-4EAF-807B-F6F3560CFB9E}.Debug|Any CPU.ActiveCfg = Debug|Any CPU
		{8CB717CA-55F6-4EAF-807B-F6F3560CFB9E}.Debug|Any CPU.Build.0 = Debug|Any CPU
		{8CB717CA-55F6-4EAF-807B-F6F3560CFB9E}.Release|Any CPU.ActiveCfg = Release|Any CPU
		{8CB717CA-55F6-4EAF-807B-F6F3560CFB9E}.Release|Any CPU.Build.0 = Release|Any CPU
		{8CFD9857-72A5-420D-8E9D-3DCFFC6DE373}.Debug|Any CPU.ActiveCfg = Debug|Any CPU
		{8CFD9857-72A5-420D-8E9D-3DCFFC6DE373}.Debug|Any CPU.Build.0 = Debug|Any CPU
		{8CFD9857-72A5-420D-8E9D-3DCFFC6DE373}.Release|Any CPU.ActiveCfg = Release|Any CPU
		{8CFD9857-72A5-420D-8E9D-3DCFFC6DE373}.Release|Any CPU.Build.0 = Release|Any CPU
		{F7B01DBF-253B-4B95-9656-8192C522C21E}.Debug|Any CPU.ActiveCfg = Debug|Any CPU
		{F7B01DBF-253B-4B95-9656-8192C522C21E}.Debug|Any CPU.Build.0 = Debug|Any CPU
		{F7B01DBF-253B-4B95-9656-8192C522C21E}.Release|Any CPU.ActiveCfg = Release|Any CPU
		{F7B01DBF-253B-4B95-9656-8192C522C21E}.Release|Any CPU.Build.0 = Release|Any CPU
		{E7CE0636-119A-4F78-B497-395BB09865F2}.Debug|Any CPU.ActiveCfg = Debug|Any CPU
		{E7CE0636-119A-4F78-B497-395BB09865F2}.Debug|Any CPU.Build.0 = Debug|Any CPU
		{E7CE0636-119A-4F78-B497-395BB09865F2}.Release|Any CPU.ActiveCfg = Release|Any CPU
		{E7CE0636-119A-4F78-B497-395BB09865F2}.Release|Any CPU.Build.0 = Release|Any CPU
		{E36E6FB3-7D12-4D2B-9ADE-92B5BD4D8CB9}.Debug|Any CPU.ActiveCfg = Debug|Any CPU
		{E36E6FB3-7D12-4D2B-9ADE-92B5BD4D8CB9}.Debug|Any CPU.Build.0 = Debug|Any CPU
		{E36E6FB3-7D12-4D2B-9ADE-92B5BD4D8CB9}.Release|Any CPU.ActiveCfg = Release|Any CPU
		{E36E6FB3-7D12-4D2B-9ADE-92B5BD4D8CB9}.Release|Any CPU.Build.0 = Release|Any CPU
		{3A82362B-467D-4D8D-9CA4-738698DE8B17}.Debug|Any CPU.ActiveCfg = Debug|Any CPU
		{3A82362B-467D-4D8D-9CA4-738698DE8B17}.Debug|Any CPU.Build.0 = Debug|Any CPU
		{3A82362B-467D-4D8D-9CA4-738698DE8B17}.Release|Any CPU.ActiveCfg = Release|Any CPU
		{3A82362B-467D-4D8D-9CA4-738698DE8B17}.Release|Any CPU.Build.0 = Release|Any CPU
		{33AEBBDD-D921-4364-9D21-04FF07AD3209}.Debug|Any CPU.ActiveCfg = Debug|Any CPU
		{33AEBBDD-D921-4364-9D21-04FF07AD3209}.Debug|Any CPU.Build.0 = Debug|Any CPU
		{33AEBBDD-D921-4364-9D21-04FF07AD3209}.Release|Any CPU.ActiveCfg = Release|Any CPU
		{33AEBBDD-D921-4364-9D21-04FF07AD3209}.Release|Any CPU.Build.0 = Release|Any CPU
		{AB4D5BD7-B44D-4BDD-A6AA-810CC0A78AA6}.Debug|Any CPU.ActiveCfg = Debug|Any CPU
		{AB4D5BD7-B44D-4BDD-A6AA-810CC0A78AA6}.Debug|Any CPU.Build.0 = Debug|Any CPU
		{AB4D5BD7-B44D-4BDD-A6AA-810CC0A78AA6}.Release|Any CPU.ActiveCfg = Release|Any CPU
		{AB4D5BD7-B44D-4BDD-A6AA-810CC0A78AA6}.Release|Any CPU.Build.0 = Release|Any CPU
		{C5DB1765-4CC5-421E-AABA-FA3093ACC6C1}.Debug|Any CPU.ActiveCfg = Debug|Any CPU
		{C5DB1765-4CC5-421E-AABA-FA3093ACC6C1}.Debug|Any CPU.Build.0 = Debug|Any CPU
		{C5DB1765-4CC5-421E-AABA-FA3093ACC6C1}.Release|Any CPU.ActiveCfg = Release|Any CPU
		{C5DB1765-4CC5-421E-AABA-FA3093ACC6C1}.Release|Any CPU.Build.0 = Release|Any CPU
	EndGlobalSection
	GlobalSection(SolutionProperties) = preSolution
		HideSolutionNode = FALSE
	EndGlobalSection
	GlobalSection(NestedProjects) = preSolution
		{4094A1C1-4F37-4269-A50B-CCFBBA27B858} = {A61C8A4A-C084-483F-9ACD-B9F888B46A35}
		{8F3337B2-5F0F-4AE7-940F-0E6B6CAD61B8} = {A61C8A4A-C084-483F-9ACD-B9F888B46A35}
		{CD52BFCD-43C3-4884-A628-D7619C47F918} = {A61C8A4A-C084-483F-9ACD-B9F888B46A35}
		{8CB717CA-55F6-4EAF-807B-F6F3560CFB9E} = {A4B4F593-8402-46A3-A8D5-92A3221C1402}
		{8CFD9857-72A5-420D-8E9D-3DCFFC6DE373} = {A4B4F593-8402-46A3-A8D5-92A3221C1402}
		{F7B01DBF-253B-4B95-9656-8192C522C21E} = {A4B4F593-8402-46A3-A8D5-92A3221C1402}
		{E7CE0636-119A-4F78-B497-395BB09865F2} = {6FEAD543-8850-4BAB-8378-A2209B2924B5}
		{E36E6FB3-7D12-4D2B-9ADE-92B5BD4D8CB9} = {6FEAD543-8850-4BAB-8378-A2209B2924B5}
		{3A82362B-467D-4D8D-9CA4-738698DE8B17} = {6FEAD543-8850-4BAB-8378-A2209B2924B5}
		{33AEBBDD-D921-4364-9D21-04FF07AD3209} = {06FEF28E-B6CE-4B75-9406-5E64492C306B}
		{AB4D5BD7-B44D-4BDD-A6AA-810CC0A78AA6} = {06FEF28E-B6CE-4B75-9406-5E64492C306B}
		{C5DB1765-4CC5-421E-AABA-FA3093ACC6C1} = {06FEF28E-B6CE-4B75-9406-5E64492C306B}
	EndGlobalSection
	GlobalSection(ExtensibilityGlobals) = postSolution
		SolutionGuid = {3870CE60-F9B8-4E28-9A53-CDC54BC386A5}
	EndGlobalSection
EndGlobal
